
Microsoft Visual Studio Solution File, Format Version 12.00
# Visual Studio Version 17
VisualStudioVersion = 17.11.35219.272
MinimumVisualStudioVersion = 10.0.40219.1
Project("{FAE04EC0-301F-11D3-BF4B-00C04F79EFBC}") = "EnglishRandomTest", "EnglishRandomTest\EnglishRandomTest.csproj", "{21E5D10E-37E5-4547-9822-9ABFFEA229D4}"
EndProject
Global
	GlobalSection(SolutionConfigurationPlatforms) = preSolution
		Debug|Any CPU = Debug|Any CPU
		Release|Any CPU = Release|Any CPU
	EndGlobalSection
	GlobalSection(ProjectConfigurationPlatforms) = postSolution
		{21E5D10E-37E5-4547-9822-9ABFFEA229D4}.Debug|Any CPU.ActiveCfg = Debug|Any CPU
		{21E5D10E-37E5-4547-9822-9ABFFEA229D4}.Debug|Any CPU.Build.0 = Debug|Any CPU
		{21E5D10E-37E5-4547-9822-9ABFFEA229D4}.Release|Any CPU.ActiveCfg = Release|Any CPU
		{21E5D10E-37E5-4547-9822-9ABFFEA229D4}.Release|Any CPU.Build.0 = Release|Any CPU
	EndGlobalSection
	GlobalSection(SolutionProperties) = preSolution
		HideSolutionNode = FALSE
	EndGlobalSection
	GlobalSection(ExtensibilityGlobals) = postSolution
		SolutionGuid = {842D98A9-B030-4533-819C-FD0F955A994A}
	EndGlobalSection
EndGlobal
